
Microsoft Visual Studio Solution File, Format Version 12.00
# Visual Studio Version 17
VisualStudioVersion = 17.0.31903.59
MinimumVisualStudioVersion = 10.0.40219.1
Project("{2150E333-8FDC-42A3-9474-1A3956D46DE8}") = "Solution Items", "Solution Items", "{9630D716-151E-4977-B77F-653F07297A9E}"
	ProjectSection(SolutionItems) = preProject
		.editorconfig = .editorconfig
		.gitignore = .gitignore
		docker-compose.yml = docker-compose.yml
		LICENSE = LICENSE
		.env.example = .env.example
		.env = .env
	EndProjectSection
EndProject
Project("{2150E333-8FDC-42A3-9474-1A3956D46DE8}") = "Tests", "Tests", "{0D8D78C1-94AC-422E-9B36-6DEC7AF0D6D1}"
EndProject
Project("{FAE04EC0-301F-11D3-BF4B-00C04F79EFBC}") = "Application.Tests", "tests\Application.Tests\Application.Tests.csproj", "{7060C8C7-7829-4CE3-A247-52D09AD0840F}"
EndProject
Project("{FAE04EC0-301F-11D3-BF4B-00C04F79EFBC}") = "Core.Tests", "tests\Core.Tests\Core.Tests.csproj", "{F4EE1A3B-0CD0-4BD8-BFEF-80383094210D}"
EndProject
Project("{FAE04EC0-301F-11D3-BF4B-00C04F79EFBC}") = "IoC.Tests", "tests\IoC.Tests\IoC.Tests.csproj", "{F1BEC6E2-F850-4D43-AA6E-60584243AE6B}"
EndProject
Project("{FAE04EC0-301F-11D3-BF4B-00C04F79EFBC}") = "WebAPI.Tests", "tests\WebAPI.Tests\WebAPI.Tests.csproj", "{0E409146-2616-43B8-9B44-3F70011658EF}"
EndProject
Project("{FAE04EC0-301F-11D3-BF4B-00C04F79EFBC}") = "Application", "src\Application\Application.csproj", "{819D8DB3-8C94-4660-8153-37E0233D2F4F}"
EndProject
Project("{FAE04EC0-301F-11D3-BF4B-00C04F79EFBC}") = "Core", "src\Core\Core.csproj", "{32C72BF2-B70E-4A14-AAFF-385EC8A75C9A}"
EndProject
Project("{FAE04EC0-301F-11D3-BF4B-00C04F79EFBC}") = "IoC", "src\IoC\IoC.csproj", "{698F1A0C-BAEC-42BB-8806-7CA450307592}"
EndProject
Project("{FAE04EC0-301F-11D3-BF4B-00C04F79EFBC}") = "WebAPI", "src\WebAPI\WebAPI.csproj", "{5148E838-48F9-4B42-A598-CDC6C213B4D9}"
EndProject
Global
	GlobalSection(SolutionConfigurationPlatforms) = preSolution
		Debug|Any CPU = Debug|Any CPU
		Release|Any CPU = Release|Any CPU
	EndGlobalSection
	GlobalSection(SolutionProperties) = preSolution
		HideSolutionNode = FALSE
	EndGlobalSection
	GlobalSection(NestedProjects) = preSolution
		{7060C8C7-7829-4CE3-A247-52D09AD0840F} = {0D8D78C1-94AC-422E-9B36-6DEC7AF0D6D1}
		{F4EE1A3B-0CD0-4BD8-BFEF-80383094210D} = {0D8D78C1-94AC-422E-9B36-6DEC7AF0D6D1}
		{F1BEC6E2-F850-4D43-AA6E-60584243AE6B} = {0D8D78C1-94AC-422E-9B36-6DEC7AF0D6D1}
		{0E409146-2616-43B8-9B44-3F70011658EF} = {0D8D78C1-94AC-422E-9B36-6DEC7AF0D6D1}
	EndGlobalSection
	GlobalSection(ProjectConfigurationPlatforms) = postSolution
		{7060C8C7-7829-4CE3-A247-52D09AD0840F}.Debug|Any CPU.ActiveCfg = Debug|Any CPU
		{7060C8C7-7829-4CE3-A247-52D09AD0840F}.Debug|Any CPU.Build.0 = Debug|Any CPU
		{7060C8C7-7829-4CE3-A247-52D09AD0840F}.Release|Any CPU.ActiveCfg = Release|Any CPU
		{7060C8C7-7829-4CE3-A247-52D09AD0840F}.Release|Any CPU.Build.0 = Release|Any CPU
		{F4EE1A3B-0CD0-4BD8-BFEF-80383094210D}.Debug|Any CPU.ActiveCfg = Debug|Any CPU
		{F4EE1A3B-0CD0-4BD8-BFEF-80383094210D}.Debug|Any CPU.Build.0 = Debug|Any CPU
		{F4EE1A3B-0CD0-4BD8-BFEF-80383094210D}.Release|Any CPU.ActiveCfg = Release|Any CPU
		{F4EE1A3B-0CD0-4BD8-BFEF-80383094210D}.Release|Any CPU.Build.0 = Release|Any CPU
		{F1BEC6E2-F850-4D43-AA6E-60584243AE6B}.Debug|Any CPU.ActiveCfg = Debug|Any CPU
		{F1BEC6E2-F850-4D43-AA6E-60584243AE6B}.Debug|Any CPU.Build.0 = Debug|Any CPU
		{F1BEC6E2-F850-4D43-AA6E-60584243AE6B}.Release|Any CPU.ActiveCfg = Release|Any CPU
		{F1BEC6E2-F850-4D43-AA6E-60584243AE6B}.Release|Any CPU.Build.0 = Release|Any CPU
		{0E409146-2616-43B8-9B44-3F70011658EF}.Debug|Any CPU.ActiveCfg = Debug|Any CPU
		{0E409146-2616-43B8-9B44-3F70011658EF}.Debug|Any CPU.Build.0 = Debug|Any CPU
		{0E409146-2616-43B8-9B44-3F70011658EF}.Release|Any CPU.ActiveCfg = Release|Any CPU
		{0E409146-2616-43B8-9B44-3F70011658EF}.Release|Any CPU.Build.0 = Release|Any CPU
		{819D8DB3-8C94-4660-8153-37E0233D2F4F}.Debug|Any CPU.ActiveCfg = Debug|Any CPU
		{819D8DB3-8C94-4660-8153-37E0233D2F4F}.Debug|Any CPU.Build.0 = Debug|Any CPU
		{819D8DB3-8C94-4660-8153-37E0233D2F4F}.Release|Any CPU.ActiveCfg = Release|Any CPU
		{819D8DB3-8C94-4660-8153-37E0233D2F4F}.Release|Any CPU.Build.0 = Release|Any CPU
		{32C72BF2-B70E-4A14-AAFF-385EC8A75C9A}.Debug|Any CPU.ActiveCfg = Debug|Any CPU
		{32C72BF2-B70E-4A14-AAFF-385EC8A75C9A}.Debug|Any CPU.Build.0 = Debug|Any CPU
		{32C72BF2-B70E-4A14-AAFF-385EC8A75C9A}.Release|Any CPU.ActiveCfg = Release|Any CPU
		{32C72BF2-B70E-4A14-AAFF-385EC8A75C9A}.Release|Any CPU.Build.0 = Release|Any CPU
		{698F1A0C-BAEC-42BB-8806-7CA450307592}.Debug|Any CPU.ActiveCfg = Debug|Any CPU
		{698F1A0C-BAEC-42BB-8806-7CA450307592}.Debug|Any CPU.Build.0 = Debug|Any CPU
		{698F1A0C-BAEC-42BB-8806-7CA450307592}.Release|Any CPU.ActiveCfg = Release|Any CPU
		{698F1A0C-BAEC-42BB-8806-7CA450307592}.Release|Any CPU.Build.0 = Release|Any CPU
		{5148E838-48F9-4B42-A598-CDC6C213B4D9}.Debug|Any CPU.ActiveCfg = Debug|Any CPU
		{5148E838-48F9-4B42-A598-CDC6C213B4D9}.Debug|Any CPU.Build.0 = Debug|Any CPU
		{5148E838-48F9-4B42-A598-CDC6C213B4D9}.Release|Any CPU.ActiveCfg = Release|Any CPU
		{5148E838-48F9-4B42-A598-CDC6C213B4D9}.Release|Any CPU.Build.0 = Release|Any CPU
	EndGlobalSection
EndGlobal
